hash: 5bf25b2c8cb4fd244193bea918e83f7701288c9cb144279650fc74cc4088bf94
updated: 2016-09-20T15:25:01.646694726+08:00
imports:
- name: cloud-keeper
  version: 50b4fc826b8c38b611aee2d598109f709f4b1a4e
  repo: ssh://git@dev.bj-jyd.cn:10022/cloud/cloud-keeper.git
  subpackages:
  - pkg/api
  - pkg/api/install
  - pkg/api/v1
  - pkg/etcdhelper
  - pkg/pagination
- name: github.com/cloudfoundry-incubator/candiedyaml
  version: 99c3df83b51532e3615f851d8c2dbb638f5313bf
- name: github.com/codahale/chacha20
  version: ec07b4f69a3f70b1dd2a8ad77230deb1ba5d6953
- name: github.com/coreos/etcd
  version: b5860608125655b6ffa7d271f45a11fb08e72825
  subpackages:
  - auth/authpb
  - clientv3
  - etcdserver/api/v3rpc/rpctypes
  - etcdserver/etcdserverpb
  - mvcc/mvccpb
  - pkg/fileutil
  - pkg/tlsutil
  - pkg/transport
- name: github.com/coreos/go-semver
  version: 8ab6407b697782a06568d4b7f1db25550ec2e4c6
  subpackages:
  - semver
- name: github.com/coreos/go-systemd
  version: 2f344660b11f7285b0af86195c4456e92970f640
  subpackages:
  - journal
- name: github.com/coreos/pkg
  version: 3ac0863d7acf3bc44daf49afef8919af12f704ef
  subpackages:
  - capnslog
- name: github.com/emicklei/go-restful
  version: 777bb3f19bcafe2575ffb2a3e46af92509ae9594
  subpackages:
  - log
  - swagger
- name: github.com/ghodss/yaml
  version: aa0c862057666179de291b67d9f093d12b5a8473
- name: github.com/go-openapi/jsonpointer
  version: 46af16f9f7b149af66e5d1bd010e3574dc06de98
- name: github.com/go-openapi/jsonreference
  version: 13c6e3589ad90f49bd3e3bbe2c2cb3d7a4142272
- name: github.com/go-openapi/spec
  version: 2433d2f0fc794728337e0c5d65716e79e163f04d
- name: github.com/go-openapi/swag
  version: 0e04f5e499b19bf51031c01a00f098f25067d8dc
- name: github.com/go-sql-driver/mysql
  version: a732e14c62dde3285440047bba97581bc472ae18
- name: github.com/godbus/dbus
  version: 5f6efc7ef2759c81b7ba876593971bfce311eab3
- name: github.com/gogo/protobuf
  version: a31fa025390fe54d2af14a04199ed08dea5dc2fd
  subpackages:
  - proto
  - sortkeys
- name: github.com/golang/glog
  version: 23def4e6c14b4da8ac2ed8007337bc5eb5007998
- name: github.com/golang/groupcache
  version: a6b377e3400b08991b80d6805d627f347f983866
  subpackages:
  - lru
- name: github.com/golang/protobuf
  version: 1f49d83d9aa00e6ce4fc8258c71cc7786aec968a
  subpackages:
  - jsonpb
  - proto
- name: github.com/google/gofuzz
  version: fd52762d25a41827db7ef64c43756fd4b9f7e382
- name: github.com/grpc-ecosystem/grpc-gateway
  version: acebe0f9ff5993e130b141ee60e83e592839ca22
  subpackages:
  - runtime
  - runtime/internal
  - utilities
- name: github.com/jinzhu/gorm
  version: 5174cc5c242a728b435ea2be8a2f7f998e15429b
- name: github.com/jinzhu/inflection
  version: 74387dc39a75e970e7a3ae6a3386b5bd2e5c5cff
- name: github.com/mailru/easyjson
  version: e978125a7e335d8f4db746a9ac5b44643f27416b
  subpackages:
  - buffer
  - jlexer
  - jwriter
- name: github.com/PuerkitoBio/purell
  version: 8a290539e2e8629dbc4e6bad948158f790ec31f4
- name: github.com/PuerkitoBio/urlesc
  version: 5bd2802263f21d8788851d5305584c82a5c75d7e
- name: github.com/spf13/pflag
  version: c7e63cf4530bcd3ba943729cee0efeff2ebea63f
- name: github.com/ugorji/go
  version: 98ef79d6c615fa258e892ed0b11c6e013712693e
  subpackages:
  - codec
- name: gofreezer
  version: 774dc77b05a4608575484dd3abc6e2288377b04c
  repo: ssh://git@dev.bj-jyd.cn:10022/cloud/gofreezer.git
  subpackages:
  - cmd/libs/go2idl/openapi-gen/generators/common
  - pkg/api
  - pkg/api/errors
  - pkg/api/meta
  - pkg/api/meta/metatypes
  - pkg/api/prototype
  - pkg/api/unversioned
  - pkg/api/validation/path
  - pkg/conversion
  - pkg/conversion/queryparams
  - pkg/fields
  - pkg/genericstoragecodec
  - pkg/genericstoragecodec/options
  - pkg/labels
  - pkg/runtime
  - pkg/runtime/serializer
  - pkg/runtime/serializer/json
  - pkg/runtime/serializer/protobuf
  - pkg/runtime/serializer/recognizer
  - pkg/runtime/serializer/streaming
  - pkg/runtime/serializer/versioning
  - pkg/selection
  - pkg/storage
  - pkg/storage/etcd
  - pkg/storage/etcd3
  - pkg/storage/storagebackend
  - pkg/storage/storagebackend/factory
  - pkg/types
  - pkg/util/clock
  - pkg/util/errors
  - pkg/util/framer
  - pkg/util/intstr
  - pkg/util/json
  - pkg/util/labels
  - pkg/util/net
  - pkg/util/runtime
  - pkg/util/sets
  - pkg/util/validation
  - pkg/util/validation/field
  - pkg/util/wait
  - pkg/util/yaml
  - pkg/watch
  - pkg/watch/versioned
  - third_party/forked/golang/reflect
- name: golang.org/x/crypto
  version: 81372b2fc2f10bef2a7f338da115c315a56b2726
  subpackages:
  - blowfish
  - cast5
  - salsa20/salsa
- name: golang.org/x/net
  version: 71a035914f99bb58fe82eac0f1289f10963d876c
  subpackages:
  - context
  - http2
  - http2/hpack
  - idna
  - internal/timeseries
  - lex/httplex
  - trace
- name: golang.org/x/text
  version: 04b8648d973c126ae60143b3e1473bc1576c7597
  subpackages:
  - cases
  - internal/tag
  - language
  - runes
  - secure/bidirule
  - secure/precis
  - transform
  - unicode/bidi
  - unicode/norm
  - width
- name: golib
  version: 7ec9cd6c606a8abc94e22e6d77298efdbb345e9b
  repo: ssh://git@192.168.60.116:10022/cloud/golib.git
  subpackages:
  - pkg/util/flag
  - pkg/util/timewrap
- name: google.golang.org/grpc
  version: 71d2ea4f75286a63b606aca2422cd17ff37fd5b8
  subpackages:
  - codes
  - credentials
  - grpclog
  - internal
  - metadata
  - naming
  - peer
  - transport
- name: k8s.io/kubernetes
  version: ff3ca3d616518087dc20180f69bb4038379f1028
  subpackages:
  - pkg/util/dbus
  - pkg/util/exec
  - pkg/util/iptables
  - pkg/util/sets
testImports: []
